
Microsoft Visual Studio Solution File, Format Version 12.00
# Visual Studio Version 17
VisualStudioVersion = 17.5.33516.290
MinimumVisualStudioVersion = 10.0.40219.1
Project("{FAE04EC0-301F-11D3-BF4B-00C04F79EFBC}") = "RegistroUsuarios", "RegistroUsuarios\RegistroUsuarios.csproj", "{CE5D619A-5F6C-46FF-A831-05F182C2705F}"
EndProject
Project("{E53339B2-1760-4266-BCC7-CA923CBCF16C}") = "docker-compose", "docker-compose.dcproj", "{9EE6A8E6-46E4-493E-94FB-8F88081B28A2}"
EndProject
Global
	GlobalSection(SolutionConfigurationPlatforms) = preSolution
		Debug|Any CPU = Debug|Any CPU
		Release|Any CPU = Release|Any CPU
	EndGlobalSection
	GlobalSection(ProjectConfigurationPlatforms) = postSolution
		{CE5D619A-5F6C-46FF-A831-05F182C2705F}.Debug|Any CPU.ActiveCfg = Debug|Any CPU
		{CE5D619A-5F6C-46FF-A831-05F182C2705F}.Debug|Any CPU.Build.0 = Debug|Any CPU
		{CE5D619A-5F6C-46FF-A831-05F182C2705F}.Release|Any CPU.ActiveCfg = Release|Any CPU
		{CE5D619A-5F6C-46FF-A831-05F182C2705F}.Release|Any CPU.Build.0 = Release|Any CPU
		{9EE6A8E6-46E4-493E-94FB-8F88081B28A2}.Debug|Any CPU.ActiveCfg = Debug|Any CPU
		{9EE6A8E6-46E4-493E-94FB-8F88081B28A2}.Debug|Any CPU.Build.0 = Debug|Any CPU
		{9EE6A8E6-46E4-493E-94FB-8F88081B28A2}.Release|Any CPU.ActiveCfg = Release|Any CPU
		{9EE6A8E6-46E4-493E-94FB-8F88081B28A2}.Release|Any CPU.Build.0 = Release|Any CPU
	EndGlobalSection
	GlobalSection(SolutionProperties) = preSolution
		HideSolutionNode = FALSE
	EndGlobalSection
	GlobalSection(ExtensibilityGlobals) = postSolution
		SolutionGuid = {AA396BF1-3DF5-4C1F-B6CD-CAA6106BD95D}
	EndGlobalSection
EndGlobal
